// !$*UTF8*$!
{
	archiveVersion = 1;
	classes = {
	};
	objectVersion = 77;
	objects = {

/* Begin PBXContainerItemProxy section */
		56A7CE982D9C3FF700868B4A /* PBXContainerItemProxy */ = {
			isa = PBXContainerItemProxy;
			containerPortal = 56A7CE7F2D9C3FF500868B4A /* Project object */;
			proxyType = 1;
			remoteGlobalIDString = 56A7CE862D9C3FF500868B4A;
			remoteInfo = ListAndNavigationTutorial;
		};
		56A7CEA22D9C3FF700868B4A /* PBXContainerItemProxy */ = {
			isa = PBXContainerItemProxy;
			containerPortal = 56A7CE7F2D9C3FF500868B4A /* Project object */;
			proxyType = 1;
			remoteGlobalIDString = 56A7CE862D9C3FF500868B4A;
			remoteInfo = ListAndNavigationTutorial;
		};
/* End PBXContainerItemProxy section */

/* Begin PBXFileReference section */
		56A7CE872D9C3FF500868B4A /* ListAndNavigationTutorial.app */ = {isa = PBXFileReference; explicitFileType = wrapper.application; includeInIndex = 0; path = ListAndNavigationTutorial.app; sourceTree = BUILT_PRODUCTS_DIR; };
		56A7CE972D9C3FF700868B4A /* ListAndNavigationTutorialTests.xctest */ = {isa = PBXFileReference; explicitFileType = wrapper.cfbundle; includeInIndex = 0; path = ListAndNavigationTutorialTests.xctest; sourceTree = BUILT_PRODUCTS_DIR; };
		56A7CEA12D9C3FF700868B4A /* ListAndNavigationTutorialUITests.xctest */ = {isa = PBXFileReference; explicitFileType = wrapper.cfbundle; includeInIndex = 0; path = ListAndNavigationTutorialUITests.xctest; sourceTree = BUILT_PRODUCTS_DIR; };
/* End PBXFileReference section */

/* Begin PBXFileSystemSynchronizedRootGroup section */
		56A7CE892D9C3FF500868B4A /* ListAndNavigationTutorial */ = {
			isa = PBXFileSystemSynchronizedRootGroup;
			path = ListAndNavigationTutorial;
			sourceTree = "<group>";
		};
		56A7CE9A2D9C3FF700868B4A /* ListAndNavigationTutorialTests */ = {
			isa = PBXFileSystemSynchronizedRootGroup;
			path = ListAndNavigationTutorialTests;
			sourceTree = "<group>";
		};
		56A7CEA42D9C3FF700868B4A /* ListAndNavigationTutorialUITests */ = {
			isa = PBXFileSystemSynchronizedRootGroup;
			path = ListAndNavigationTutorialUITests;
			sourceTree = "<group>";
		};
/* End PBXFileSystemSynchronizedRootGroup section */

/* Begin PBXFrameworksBuildPhase section */
		56A7CE842D9C3FF500868B4A /* Frameworks */ = {
			isa = PBXFrameworksBuildPhase;
			buildActionMask = 2147483647;
			files = (
			);
			runOnlyForDeploymentPostprocessing = 0;
		};
		56A7CE942D9C3FF700868B4A /* Frameworks */ = {
			isa = PBXFrameworksBuildPhase;
			buildActionMask = 2147483647;
			files = (
			);
			runOnlyForDeploymentPostprocessing = 0;
		};
		56A7CE9E2D9C3FF700868B4A /* Frameworks */ = {
			isa = PBXFrameworksBuildPhase;
			buildActionMask = 2147483647;
			files = (
			);
			runOnlyForDeploymentPostprocessing = 0;
		};
/* End PBXFrameworksBuildPhase section */

/* Begin PBXGroup section */
		56A7CE7E2D9C3FF500868B4A = {
			isa = PBXGroup;
			children = (
				56A7CE892D9C3FF500868B4A /* ListAndNavigationTutorial */,
				56A7CE9A2D9C3FF700868B4A /* ListAndNavigationTutorialTests */,
				56A7CEA42D9C3FF700868B4A /* ListAndNavigationTutorialUITests */,
				56A7CE882D9C3FF500868B4A /* Products */,
			);
			sourceTree = "<group>";
		};
		56A7CE882D9C3FF500868B4A /* Products */ = {
			isa = PBXGroup;
			children = (
				56A7CE872D9C3FF500868B4A /* ListAndNavigationTutorial.app */,
				56A7CE972D9C3FF700868B4A /* ListAndNavigationTutorialTests.xctest */,
				56A7CEA12D9C3FF700868B4A /* ListAndNavigationTutorialUITests.xctest */,
			);
			name = Products;
			sourceTree = "<group>";
		};
/* End PBXGroup section */

/* Begin PBXNativeTarget section */
		56A7CE862D9C3FF500868B4A /* ListAndNavigationTutorial */ = {
			isa = PBXNativeTarget;
			buildConfigurationList = 56A7CEAB2D9C3FF700868B4A /* Build configuration list for PBXNativeTarget "ListAndNavigationTutorial" */;
			buildPhases = (
				56A7CE832D9C3FF500868B4A /* Sources */,
				56A7CE842D9C3FF500868B4A /* Frameworks */,
				56A7CE852D9C3FF500868B4A /* Resources */,
			);
			buildRules = (
			);
			dependencies = (
			);
			fileSystemSynchronizedGroups = (
				56A7CE892D9C3FF500868B4A /* ListAndNavigationTutorial */,
			);
			name = ListAndNavigationTutorial;
			packageProductDependencies = (
			);
			productName = ListAndNavigationTutorial;
			productReference = 56A7CE872D9C3FF500868B4A /* ListAndNavigationTutorial.app */;
			productType = "com.apple.product-type.application";
		};
		56A7CE962D9C3FF700868B4A /* ListAndNavigationTutorialTests */ = {
			isa = PBXNativeTarget;
			buildConfigurationList = 56A7CEAE2D9C3FF700868B4A /* Build configuration list for PBXNativeTarget "ListAndNavigationTutorialTests" */;
			buildPhases = (
				56A7CE932D9C3FF700868B4A /* Sources */,
				56A7CE942D9C3FF700868B4A /* Frameworks */,
				56A7CE952D9C3FF700868B4A /* Resources */,
			);
			buildRules = (
			);
			dependencies = (
				56A7CE992D9C3FF700868B4A /* PBXTargetDependency */,
			);
			fileSystemSynchronizedGroups = (
				56A7CE9A2D9C3FF700868B4A /* ListAndNavigationTutorialTests */,
			);
			name = ListAndNavigationTutorialTests;
			packageProductDependencies = (
			);
			productName = ListAndNavigationTutorialTests;
			productReference = 56A7CE972D9C3FF700868B4A /* ListAndNavigationTutorialTests.xctest */;
			productType = "com.apple.product-type.bundle.unit-test";
		};
		56A7CEA02D9C3FF700868B4A /* ListAndNavigationTutorialUITests */ = {
			isa = PBXNativeTarget;
			buildConfigurationList = 56A7CEB12D9C3FF700868B4A /* Build configuration list for PBXNativeTarget "ListAndNavigationTutorialUITests" */;
			buildPhases = (
				56A7CE9D2D9C3FF700868B4A /* Sources */,
				56A7CE9E2D9C3FF700868B4A /* Frameworks */,
				56A7CE9F2D9C3FF700868B4A /* Resources */,
			);
			buildRules = (
			);
			dependencies = (
				56A7CEA32D9C3FF700868B4A /* PBXTargetDependency */,
			);
			fileSystemSynchronizedGroups = (
				56A7CEA42D9C3FF700868B4A /* ListAndNavigationTutorialUITests */,
			);
			name = ListAndNavigationTutorialUITests;
			packageProductDependencies = (
			);
			productName = ListAndNavigationTutorialUITests;
			productReference = 56A7CEA12D9C3FF700868B4A /* ListAndNavigationTutorialUITests.xctest */;
			productType = "com.apple.product-type.bundle.ui-testing";
		};
/* End PBXNativeTarget section */

/* Begin PBXProject section */
		56A7CE7F2D9C3FF500868B4A /* Project object */ = {
			isa = PBXProject;
			attributes = {
				BuildIndependentTargetsInParallel = 1;
				LastSwiftUpdateCheck = 1620;
				LastUpgradeCheck = 1620;
				TargetAttributes = {
					56A7CE862D9C3FF500868B4A = {
						CreatedOnToolsVersion = 16.2;
					};
					56A7CE962D9C3FF700868B4A = {
						CreatedOnToolsVersion = 16.2;
						TestTargetID = 56A7CE862D9C3FF500868B4A;
					};
					56A7CEA02D9C3FF700868B4A = {
						CreatedOnToolsVersion = 16.2;
						TestTargetID = 56A7CE862D9C3FF500868B4A;
					};
				};
			};
			buildConfigurationList = 56A7CE822D9C3FF500868B4A /* Build configuration list for PBXProject "ListAndNavigationTutorial" */;
			developmentRegion = en;
			hasScannedForEncodings = 0;
			knownRegions = (
				en,
				Base,
			);
			mainGroup = 56A7CE7E2D9C3FF500868B4A;
			minimizedProjectReferenceProxies = 1;
			preferredProjectObjectVersion = 77;
			productRefGroup = 56A7CE882D9C3FF500868B4A /* Products */;
			projectDirPath = "";
			projectRoot = "";
			targets = (
				56A7CE862D9C3FF500868B4A /* ListAndNavigationTutorial */,
				56A7CE962D9C3FF700868B4A /* ListAndNavigationTutorialTests */,
				56A7CEA02D9C3FF700868B4A /* ListAndNavigationTutorialUITests */,
			);
		};
/* End PBXProject section */

/* Begin PBXResourcesBuildPhase section */
		56A7CE852D9C3FF500868B4A /* Resources */ = {
			isa = PBXResourcesBuildPhase;
			buildActionMask = 2147483647;
			files = (
			);
			runOnlyForDeploymentPostprocessing = 0;
		};
		56A7CE952D9C3FF700868B4A /* Resources */ = {
			isa = PBXResourcesBuildPhase;
			buildActionMask = 2147483647;
			files = (
			);
			runOnlyForDeploymentPostprocessing = 0;
		};
		56A7CE9F2D9C3FF700868B4A /* Resources */ = {
			isa = PBXResourcesBuildPhase;
			buildActionMask = 2147483647;
			files = (
			);
			runOnlyForDeploymentPostprocessing = 0;
		};
/* End PBXResourcesBuildPhase section */

/* Begin PBXSourcesBuildPhase section */
		56A7CE832D9C3FF500868B4A /* Sources */ = {
			isa = PBXSourcesBuildPhase;
			buildActionMask = 2147483647;
			files = (
			);
			runOnlyForDeploymentPostprocessing = 0;
		};
		56A7CE932D9C3FF700868B4A /* Sources */ = {
			isa = PBXSourcesBuildPhase;
			buildActionMask = 2147483647;
			files = (
			);
			runOnlyForDeploymentPostprocessing = 0;
		};
		56A7CE9D2D9C3FF700868B4A /* Sources */ = {
			isa = PBXSourcesBuildPhase;
			buildActionMask = 2147483647;
			files = (
			);
			runOnlyForDeploymentPostprocessing = 0;
		};
/* End PBXSourcesBuildPhase section */

/* Begin PBXTargetDependency section */
		56A7CE992D9C3FF700868B4A /* PBXTargetDependency */ = {
			isa = PBXTargetDependency;
			target = 56A7CE862D9C3FF500868B4A /* ListAndNavigationTutorial */;
			targetProxy = 56A7CE982D9C3FF700868B4A /* PBXContainerItemProxy */;
		};
		56A7CEA32D9C3FF700868B4A /* PBXTargetDependency */ = {
			isa = PBXTargetDependency;
			target = 56A7CE862D9C3FF500868B4A /* ListAndNavigationTutorial */;
			targetProxy = 56A7CEA22D9C3FF700868B4A /* PBXContainerItemProxy */;
		};
/* End PBXTargetDependency section */

/* Begin XCBuildConfiguration section */
		56A7CEA92D9C3FF700868B4A /* Debug */ = {
			isa = XCBuildConfiguration;
			buildSettings = {
				ALWAYS_SEARCH_USER_PATHS = NO;
				ASSETCATALOG_COMPILER_GENERATE_SWIFT_ASSET_SYMBOL_EXTENSIONS = YES;
				CLANG_ANALYZER_NONNULL = YES;
				CLANG_ANALYZER_NUMBER_OBJECT_CONVERSION = YES_AGGRESSIVE;
				CLANG_CXX_LANGUAGE_STANDARD = "gnu++20";
				CLANG_ENABLE_MODULES = YES;
				CLANG_ENABLE_OBJC_ARC = YES;
				CLANG_ENABLE_OBJC_WEAK = YES;
				CLANG_WARN_BLOCK_CAPTURE_AUTORELEASING = YES;
				CLANG_WARN_BOOL_CONVERSION = YES;
				CLANG_WARN_COMMA = YES;
				CLANG_WARN_CONSTANT_CONVERSION = YES;
				CLANG_WARN_DEPRECATED_OBJC_IMPLEMENTATIONS = YES;
				CLANG_WARN_DIRECT_OBJC_ISA_USAGE = YES_ERROR;
				CLANG_WARN_DOCUMENTATION_COMMENTS = YES;
				CLANG_WARN_EMPTY_BODY = YES;
				CLANG_WARN_ENUM_CONVERSION = YES;
				CLANG_WARN_INFINITE_RECURSION = YES;
				CLANG_WARN_INT_CONVERSION = YES;
				CLANG_WARN_NON_LITERAL_NULL_CONVERSION = YES;
				CLANG_WARN_OBJC_IMPLICIT_RETAIN_SELF = YES;
				CLANG_WARN_OBJC_LITERAL_CONVERSION = YES;
				CLANG_WARN_OBJC_ROOT_CLASS = YES_ERROR;
				CLANG_WARN_QUOTED_INCLUDE_IN_FRAMEWORK_HEADER = YES;
				CLANG_WARN_RANGE_LOOP_ANALYSIS = YES;
				CLANG_WARN_STRICT_PROTOTYPES = YES;
				CLANG_WARN_SUSPICIOUS_MOVE = YES;
				CLANG_WARN_UNGUARDED_AVAILABILITY = YES_AGGRESSIVE;
				CLANG_WARN_UNREACHABLE_CODE = YES;
				CLANG_WARN__DUPLICATE_METHOD_MATCH = YES;
				COPY_PHASE_STRIP = NO;
				DEBUG_INFORMATION_FORMAT = dwarf;
				ENABLE_STRICT_OBJC_MSGSEND = YES;
				ENABLE_TESTABILITY = YES;
				ENABLE_USER_SCRIPT_SANDBOXING = YES;
				GCC_C_LANGUAGE_STANDARD = gnu17;
				GCC_DYNAMIC_NO_PIC = NO;
				GCC_NO_COMMON_BLOCKS = YES;
				GCC_OPTIMIZATION_LEVEL = 0;
				GCC_PREPROCESSOR_DEFINITIONS = (
					"DEBUG=1",
					"$(inherited)",
				);
				GCC_WARN_64_TO_32_BIT_CONVERSION = YES;
				GCC_WARN_ABOUT_RETURN_TYPE = YES_ERROR;
				GCC_WARN_UNDECLARED_SELECTOR = YES;
				GCC_WARN_UNINITIALIZED_AUTOS = YES_AGGRESSIVE;
				GCC_WARN_UNUSED_FUNCTION = YES;
				GCC_WARN_UNUSED_VARIABLE = YES;
				IPHONEOS_DEPLOYMENT_TARGET = 18.2;
				LOCALIZATION_PREFERS_STRING_CATALOGS = YES;
				MTL_ENABLE_DEBUG_INFO = INCLUDE_SOURCE;
				MTL_FAST_MATH = YES;
				ONLY_ACTIVE_ARCH = YES;
				SDKROOT = iphoneos;
				SWIFT_ACTIVE_COMPILATION_CONDITIONS = "DEBUG $(inherited)";
				SWIFT_OPTIMIZATION_LEVEL = "-Onone";
			};
			name = Debug;
		};
		56A7CEAA2D9C3FF700868B4A /* Release */ = {
			isa = XCBuildConfiguration;
			buildSettings = {
				ALWAYS_SEARCH_USER_PATHS = NO;
				ASSETCATALOG_COMPILER_GENERATE_SWIFT_ASSET_SYMBOL_EXTENSIONS = YES;
				CLANG_ANALYZER_NONNULL = YES;
				CLANG_ANALYZER_NUMBER_OBJECT_CONVERSION = YES_AGGRESSIVE;
				CLANG_CXX_LANGUAGE_STANDARD = "gnu++20";
				CLANG_ENABLE_MODULES = YES;
				CLANG_ENABLE_OBJC_ARC = YES;
				CLANG_ENABLE_OBJC_WEAK = YES;
				CLANG_WARN_BLOCK_CAPTURE_AUTORELEASING = YES;
				CLANG_WARN_BOOL_CONVERSION = YES;
				CLANG_WARN_COMMA = YES;
				CLANG_WARN_CONSTANT_CONVERSION = YES;
				CLANG_WARN_DEPRECATED_OBJC_IMPLEMENTATIONS = YES;
				CLANG_WARN_DIRECT_OBJC_ISA_USAGE = YES_ERROR;
				CLANG_WARN_DOCUMENTATION_COMMENTS = YES;
				CLANG_WARN_EMPTY_BODY = YES;
				CLANG_WARN_ENUM_CONVERSION = YES;
				CLANG_WARN_INFINITE_RECURSION = YES;
				CLANG_WARN_INT_CONVERSION = YES;
				CLANG_WARN_NON_LITERAL_NULL_CONVERSION = YES;
				CLANG_WARN_OBJC_IMPLICIT_RETAIN_SELF = YES;
				CLANG_WARN_OBJC_LITERAL_CONVERSION = YES;
				CLANG_WARN_OBJC_ROOT_CLASS = YES_ERROR;
				CLANG_WARN_QUOTED_INCLUDE_IN_FRAMEWORK_HEADER = YES;
				CLANG_WARN_RANGE_LOOP_ANALYSIS = YES;
				CLANG_WARN_STRICT_PROTOTYPES = YES;
				CLANG_WARN_SUSPICIOUS_MOVE = YES;
				CLANG_WARN_UNGUARDED_AVAILABILITY = YES_AGGRESSIVE;
				CLANG_WARN_UNREACHABLE_CODE = YES;
				CLANG_WARN__DUPLICATE_METHOD_MATCH = YES;
				COPY_PHASE_STRIP = NO;
				DEBUG_INFORMATION_FORMAT = "dwarf-with-dsym";
				ENABLE_NS_ASSERTIONS = NO;
				ENABLE_STRICT_OBJC_MSGSEND = YES;
				ENABLE_USER_SCRIPT_SANDBOXING = YES;
				GCC_C_LANGUAGE_STANDARD = gnu17;
				GCC_NO_COMMON_BLOCKS = YES;
				GCC_WARN_64_TO_32_BIT_CONVERSION = YES;
				GCC_WARN_ABOUT_RETURN_TYPE = YES_ERROR;
				GCC_WARN_UNDECLARED_SELECTOR = YES;
				GCC_WARN_UNINITIALIZED_AUTOS = YES_AGGRESSIVE;
				GCC_WARN_UNUSED_FUNCTION = YES;
				GCC_WARN_UNUSED_VARIABLE = YES;
				IPHONEOS_DEPLOYMENT_TARGET = 18.2;
				LOCALIZATION_PREFERS_STRING_CATALOGS = YES;
				MTL_ENABLE_DEBUG_INFO = NO;
				MTL_FAST_MATH = YES;
				SDKROOT = iphoneos;
				SWIFT_COMPILATION_MODE = wholemodule;
				VALIDATE_PRODUCT = YES;
			};
			name = Release;
		};
		56A7CEAC2D9C3FF700868B4A /* Debug */ = {
			isa = XCBuildConfiguration;
			buildSettings = {
				ASSETCATALOG_COMPILER_APPICON_NAME = AppIcon;
				ASSETCATALOG_COMPILER_GLOBAL_ACCENT_COLOR_NAME = AccentColor;
				CODE_SIGN_STYLE = Automatic;
				CURRENT_PROJECT_VERSION = 1;
				DEVELOPMENT_ASSET_PATHS = "\"ListAndNavigationTutorial/Preview Content\"";
				DEVELOPMENT_TEAM = UX63TWU8J4;
				ENABLE_PREVIEWS = YES;
				GENERATE_INFOPLIST_FILE = YES;
				INFOPLIST_KEY_UIApplicationSceneManifest_Generation = YES;
				INFOPLIST_KEY_UIApplicationSupportsIndirectInputEvents = YES;
				INFOPLIST_KEY_UILaunchScreen_Generation = YES;
				INFOPLIST_KEY_UISupportedInterfaceOrientations_iPad = "UIInterfaceOrientationPortrait UIInterfaceOrientationPortraitUpsideDown UIInterfaceOrientationLandscapeLeft UIInterfaceOrientationLandscapeRight";
				INFOPLIST_KEY_UISupportedInterfaceOrientations_iPhone = "UIInterfaceOrientationPortrait UIInterfaceOrientationLandscapeLeft UIInterfaceOrientationLandscapeRight";
				LD_RUNPATH_SEARCH_PATHS = (
					"$(inherited)",
					"@executable_path/Frameworks",
				);
				MARKETING_VERSION = 1.0;
				PRODUCT_BUNDLE_IDENTIFIER = CPSC357.ListAndNavigationTutorial;
				PRODUCT_NAME = "$(TARGET_NAME)";
				SWIFT_EMIT_LOC_STRINGS = YES;
				SWIFT_VERSION = 5.0;
				TARGETED_DEVICE_FAMILY = "1,2";
			};
			name = Debug;
		};
		56A7CEAD2D9C3FF700868B4A /* Release */ = {
			isa = XCBuildConfiguration;
			buildSettings = {
				ASSETCATALOG_COMPILER_APPICON_NAME = AppIcon;
				ASSETCATALOG_COMPILER_GLOBAL_ACCENT_COLOR_NAME = AccentColor;
				CODE_SIGN_STYLE = Automatic;
				CURRENT_PROJECT_VERSION = 1;
				DEVELOPMENT_ASSET_PATHS = "\"ListAndNavigationTutorial/Preview Content\"";
				DEVELOPMENT_TEAM = UX63TWU8J4;
				ENABLE_PREVIEWS = YES;
				GENERATE_INFOPLIST_FILE = YES;
				INFOPLIST_KEY_UIApplicationSceneManifest_Generation = YES;
				INFOPLIST_KEY_UIApplicationSupportsIndirectInputEvents = YES;
				INFOPLIST_KEY_UILaunchScreen_Generation = YES;
				INFOPLIST_KEY_UISupportedInterfaceOrientations_iPad = "UIInterfaceOrientationPortrait UIInterfaceOrientationPortraitUpsideDown UIInterfaceOrientationLandscapeLeft UIInterfaceOrientationLandscapeRight";
				INFOPLIST_KEY_UISupportedInterfaceOrientations_iPhone = "UIInterfaceOrientationPortrait UIInterfaceOrientationLandscapeLeft UIInterfaceOrientationLandscapeRight";
				LD_RUNPATH_SEARCH_PATHS = (
					"$(inherited)",
					"@executable_path/Frameworks",
				);
				MARKETING_VERSION = 1.0;
				PRODUCT_BUNDLE_IDENTIFIER = CPSC357.ListAndNavigationTutorial;
				PRODUCT_NAME = "$(TARGET_NAME)";
				SWIFT_EMIT_LOC_STRINGS = YES;
				SWIFT_VERSION = 5.0;
				TARGETED_DEVICE_FAMILY = "1,2";
			};
			name = Release;
		};
		56A7CEAF2D9C3FF700868B4A /* Debug */ = {
			isa = XCBuildConfiguration;
			buildSettings = {
				BUNDLE_LOADER = "$(TEST_HOST)";
				CODE_SIGN_STYLE = Automatic;
				CURRENT_PROJECT_VERSION = 1;
				DEVELOPMENT_TEAM = UX63TWU8J4;
				GENERATE_INFOPLIST_FILE = YES;
				IPHONEOS_DEPLOYMENT_TARGET = 18.2;
				MARKETING_VERSION = 1.0;
				PRODUCT_BUNDLE_IDENTIFIER = CPSC357.ListAndNavigationTutorialTests;
				PRODUCT_NAME = "$(TARGET_NAME)";
				SWIFT_EMIT_LOC_STRINGS = NO;
				SWIFT_VERSION = 5.0;
				TARGETED_DEVICE_FAMILY = "1,2";
				TEST_HOST = "$(BUILT_PRODUCTS_DIR)/ListAndNavigationTutorial.app/$(BUNDLE_EXECUTABLE_FOLDER_PATH)/ListAndNavigationTutorial";
			};
			name = Debug;
		};
		56A7CEB02D9C3FF700868B4A /* Release */ = {
			isa = XCBuildConfiguration;
			buildSettings = {
				BUNDLE_LOADER = "$(TEST_HOST)";
				CODE_SIGN_STYLE = Automatic;
				CURRENT_PROJECT_VERSION = 1;
				DEVELOPMENT_TEAM = UX63TWU8J4;
				GENERATE_INFOPLIST_FILE = YES;
				IPHONEOS_DEPLOYMENT_TARGET = 18.2;
				MARKETING_VERSION = 1.0;
				PRODUCT_BUNDLE_IDENTIFIER = CPSC357.ListAndNavigationTutorialTests;
				PRODUCT_NAME = "$(TARGET_NAME)";
				SWIFT_EMIT_LOC_STRINGS = NO;
				SWIFT_VERSION = 5.0;
				TARGETED_DEVICE_FAMILY = "1,2";
				TEST_HOST = "$(BUILT_PRODUCTS_DIR)/ListAndNavigationTutorial.app/$(BUNDLE_EXECUTABLE_FOLDER_PATH)/ListAndNavigationTutorial";
			};
			name = Release;
		};
		56A7CEB22D9C3FF700868B4A /* Debug */ = {
			isa = XCBuildConfiguration;
			buildSettings = {
				CODE_SIGN_STYLE = Automatic;
				CURRENT_PROJECT_VERSION = 1;
				DEVELOPMENT_TEAM = UX63TWU8J4;
				GENERATE_INFOPLIST_FILE = YES;
				MARKETING_VERSION = 1.0;
				PRODUCT_BUNDLE_IDENTIFIER = CPSC357.ListAndNavigationTutorialUITests;
				PRODUCT_NAME = "$(TARGET_NAME)";
				SWIFT_EMIT_LOC_STRINGS = NO;
				SWIFT_VERSION = 5.0;
				TARGETED_DEVICE_FAMILY = "1,2";
				TEST_TARGET_NAME = ListAndNavigationTutorial;
			};
			name = Debug;
		};
		56A7CEB32D9C3FF700868B4A /* Release */ = {
			isa = XCBuildConfiguration;
			buildSettings = {
				CODE_SIGN_STYLE = Automatic;
				CURRENT_PROJECT_VERSION = 1;
				DEVELOPMENT_TEAM = UX63TWU8J4;
				GENERATE_INFOPLIST_FILE = YES;
				MARKETING_VERSION = 1.0;
				PRODUCT_BUNDLE_IDENTIFIER = CPSC357.ListAndNavigationTutorialUITests;
				PRODUCT_NAME = "$(TARGET_NAME)";
				SWIFT_EMIT_LOC_STRINGS = NO;
				SWIFT_VERSION = 5.0;
				TARGETED_DEVICE_FAMILY = "1,2";
				TEST_TARGET_NAME = ListAndNavigationTutorial;
			};
			name = Release;
		};
/* End XCBuildConfiguration section */

/* Begin XCConfigurationList section */
		56A7CE822D9C3FF500868B4A /* Build configuration list for PBXProject "ListAndNavigationTutorial" */ = {
			isa = XCConfigurationList;
			buildConfigurations = (
				56A7CEA92D9C3FF700868B4A /* Debug */,
				56A7CEAA2D9C3FF700868B4A /* Release */,
			);
			defaultConfigurationIsVisible = 0;
			defaultConfigurationName = Release;
		};
		56A7CEAB2D9C3FF700868B4A /* Build configuration list for PBXNativeTarget "ListAndNavigationTutorial" */ = {
			isa = XCConfigurationList;
			buildConfigurations = (
				56A7CEAC2D9C3FF700868B4A /* Debug */,
				56A7CEAD2D9C3FF700868B4A /* Release */,
			);
			defaultConfigurationIsVisible = 0;
			defaultConfigurationName = Release;
		};
		56A7CEAE2D9C3FF700868B4A /* Build configuration list for PBXNativeTarget "ListAndNavigationTutorialTests" */ = {
			isa = XCConfigurationList;
			buildConfigurations = (
				56A7CEAF2D9C3FF700868B4A /* Debug */,
				56A7CEB02D9C3FF700868B4A /* Release */,
			);
			defaultConfigurationIsVisible = 0;
			defaultConfigurationName = Release;
		};
		56A7CEB12D9C3FF700868B4A /* Build configuration list for PBXNativeTarget "ListAndNavigationTutorialUITests" */ = {
			isa = XCConfigurationList;
			buildConfigurations = (
				56A7CEB22D9C3FF700868B4A /* Debug */,
				56A7CEB32D9C3FF700868B4A /* Release */,
			);
			defaultConfigurationIsVisible = 0;
			defaultConfigurationName = Release;
		};
/* End XCConfigurationList section */
	};
	rootObject = 56A7CE7F2D9C3FF500868B4A /* Project object */;
}
